
Microsoft Visual Studio Solution File, Format Version 12.00
# Visual Studio Version 16
VisualStudioVersion = 16.0.30503.244
MinimumVisualStudioVersion = 10.0.40219.1
Project("{9A19103F-16F7-4668-BE54-9A1E7A4F7556}") = "HelperApp", "HelperApp\HelperApp.csproj", "{136E3317-4C72-4A00-829A-D59F776F856D}"
EndProject
Project("{FAE04EC0-301F-11D3-BF4B-00C04F79EFBC}") = "HelperAppBL", "HelperAppBL\HelperAppBL.csproj", "{AA26E918-2784-4DD9-8BFA-0B3773E0115D}"
EndProject
Project("{FAE04EC0-301F-11D3-BF4B-00C04F79EFBC}") = "HelperAppDL", "HelperAppDL\HelperAppDL.csproj", "{11693C75-F1BF-4D11-8F3B-49EC22ED5A63}"
EndProject
Project("{FAE04EC0-301F-11D3-BF4B-00C04F79EFBC}") = "HelperAppDataSource", "HelperAppDataSource\HelperAppDataSource.csproj", "{119E884D-1547-4D10-954C-6F19F75DB5E0}"
EndProject
Project("{FAE04EC0-301F-11D3-BF4B-00C04F79EFBC}") = "HelperAppSQLDataSource", "HelperAppSQLDataSource\HelperAppSQLDataSource.csproj", "{0AD6BD54-2CDB-40DF-A571-1B29FCC9573D}"
EndProject
Global
	GlobalSection(SolutionConfigurationPlatforms) = preSolution
		Debug|Any CPU = Debug|Any CPU
		Release|Any CPU = Release|Any CPU
	EndGlobalSection
	GlobalSection(ProjectConfigurationPlatforms) = postSolution
		{136E3317-4C72-4A00-829A-D59F776F856D}.Debug|Any CPU.ActiveCfg = Debug|Any CPU
		{136E3317-4C72-4A00-829A-D59F776F856D}.Debug|Any CPU.Build.0 = Debug|Any CPU
		{136E3317-4C72-4A00-829A-D59F776F856D}.Release|Any CPU.ActiveCfg = Release|Any CPU
		{136E3317-4C72-4A00-829A-D59F776F856D}.Release|Any CPU.Build.0 = Release|Any CPU
		{AA26E918-2784-4DD9-8BFA-0B3773E0115D}.Debug|Any CPU.ActiveCfg = Debug|Any CPU
		{AA26E918-2784-4DD9-8BFA-0B3773E0115D}.Debug|Any CPU.Build.0 = Debug|Any CPU
		{AA26E918-2784-4DD9-8BFA-0B3773E0115D}.Release|Any CPU.ActiveCfg = Release|Any CPU
		{AA26E918-2784-4DD9-8BFA-0B3773E0115D}.Release|Any CPU.Build.0 = Release|Any CPU
		{11693C75-F1BF-4D11-8F3B-49EC22ED5A63}.Debug|Any CPU.ActiveCfg = Debug|Any CPU
		{11693C75-F1BF-4D11-8F3B-49EC22ED5A63}.Debug|Any CPU.Build.0 = Debug|Any CPU
		{11693C75-F1BF-4D11-8F3B-49EC22ED5A63}.Release|Any CPU.ActiveCfg = Release|Any CPU
		{11693C75-F1BF-4D11-8F3B-49EC22ED5A63}.Release|Any CPU.Build.0 = Release|Any CPU
		{119E884D-1547-4D10-954C-6F19F75DB5E0}.Debug|Any CPU.ActiveCfg = Debug|Any CPU
		{119E884D-1547-4D10-954C-6F19F75DB5E0}.Debug|Any CPU.Build.0 = Debug|Any CPU
		{119E884D-1547-4D10-954C-6F19F75DB5E0}.Release|Any CPU.ActiveCfg = Release|Any CPU
		{119E884D-1547-4D10-954C-6F19F75DB5E0}.Release|Any CPU.Build.0 = Release|Any CPU
		{0AD6BD54-2CDB-40DF-A571-1B29FCC9573D}.Debug|Any CPU.ActiveCfg = Debug|Any CPU
		{0AD6BD54-2CDB-40DF-A571-1B29FCC9573D}.Debug|Any CPU.Build.0 = Debug|Any CPU
		{0AD6BD54-2CDB-40DF-A571-1B29FCC9573D}.Release|Any CPU.ActiveCfg = Release|Any CPU
		{0AD6BD54-2CDB-40DF-A571-1B29FCC9573D}.Release|Any CPU.Build.0 = Release|Any CPU
	EndGlobalSection
	GlobalSection(SolutionProperties) = preSolution
		HideSolutionNode = FALSE
	EndGlobalSection
	GlobalSection(ExtensibilityGlobals) = postSolution
		SolutionGuid = {FCB98A25-9EB3-4629-AB3C-0C5BF0DE1A95}
	EndGlobalSection
EndGlobal
